{
  "nodes": {
    "darwin": {
      "inputs": {
        "nixpkgs": [
          "nixpkgs"
        ]
      },
      "locked": {
        "lastModified": 1710255615,
        "narHash": "sha256-DFooGP2D6cNfOj35qkptUgG0r+VxuI38QgNAoYxmVE0=",
        "owner": "lnl7",
        "repo": "nix-darwin",
        "rev": "c7ae5dc969b93f3221f5c228f0ec3de3e2b8084e",
        "type": "github"
      },
      "original": {
        "owner": "lnl7",
        "repo": "nix-darwin",
        "type": "github"
      }
    },
    "home-manager": {
      "inputs": {
        "nixpkgs": [
          "nixpkgs"
        ]
      },
      "locked": {
        "lastModified": 1706981411,
        "narHash": "sha256-cLbLPTL1CDmETVh4p0nQtvoF+FSEjsnJTFpTxhXywhQ=",
        "owner": "nix-community",
        "repo": "home-manager",
        "rev": "652fda4ca6dafeb090943422c34ae9145787af37",
        "type": "github"
      },
      "original": {
        "owner": "nix-community",
        "ref": "release-23.11",
        "repo": "home-manager",
        "type": "github"
      }
    },
    "nixpkgs": {
      "locked": {
        "lastModified": 1710162809,
        "narHash": "sha256-i2R2bcnQp+85de67yjgZVvJhd6rRnJbSYNpGmB6Leb8=",
        "owner": "nixos",
        "repo": "nixpkgs",
        "rev": "ddcd7598b2184008c97e6c9c6a21c5f37590b8d2",
        "type": "github"
      },
      "original": {
        "owner": "nixos",
        "ref": "nixos-23.11",
        "repo": "nixpkgs",
        "type": "github"
      }
    },
    "nixpkgs-unstable": {
      "locked": {
        "lastModified": 1710252211,
        "narHash": "sha256-hQChQpB4LDBaSrNlD6DPLhU9T+R6oyxMCg2V+S7Y1jg=",
        "owner": "nixos",
        "repo": "nixpkgs",
        "rev": "7eeacecff44e05a9fd61b9e03836b66ecde8a525",
        "type": "github"
      },
      "original": {
        "owner": "nixos",
        "ref": "nixpkgs-unstable",
        "repo": "nixpkgs",
        "type": "github"
      }
    },
    "root": {
      "inputs": {
        "darwin": "darwin",
        "home-manager": "home-manager",
        "nixpkgs": "nixpkgs",
        "nixpkgs-unstable": "nixpkgs-unstable"
      }
    }
  },
  "root": "root",
  "version": 7
}
